
Microsoft Visual Studio Solution File, Format Version 12.00
# Visual Studio Version 17
VisualStudioVersion = 17.5.002.0
MinimumVisualStudioVersion = 10.0.40219.1
Project("{9A19103F-16F7-4668-BE54-9A1E7A4F7556}") = "MyApi", "MyApi.csproj", "{7A5BBD66-0D7E-49E3-AE6F-92AE8750D84E}"
EndProject
Global
	GlobalSection(SolutionConfigurationPlatforms) = preSolution
		Debug|Any CPU = Debug|Any CPU
		Release|Any CPU = Release|Any CPU
	EndGlobalSection
	GlobalSection(ProjectConfigurationPlatforms) = postSolution
		{7A5BBD66-0D7E-49E3-AE6F-92AE8750D84E}.Debug|Any CPU.ActiveCfg = Debug|Any CPU
		{7A5BBD66-0D7E-49E3-AE6F-92AE8750D84E}.Debug|Any CPU.Build.0 = Debug|Any CPU
		{7A5BBD66-0D7E-49E3-AE6F-92AE8750D84E}.Release|Any CPU.ActiveCfg = Release|Any CPU
		{7A5BBD66-0D7E-49E3-AE6F-92AE8750D84E}.Release|Any CPU.Build.0 = Release|Any CPU
	EndGlobalSection
	GlobalSection(SolutionProperties) = preSolution
		HideSolutionNode = FALSE
	EndGlobalSection
	GlobalSection(ExtensibilityGlobals) = postSolution
		SolutionGuid = {50B12490-4381-4C82-B3F4-EDF39B911295}
	EndGlobalSection
EndGlobal
